{
  "name": "katsudon27-intern-repo",
  "version": "1.0.0",
  "lockfileVersion": 3,
  "requires": true,
  "packages": {
    "": {
      "name": "katsudon27-intern-repo",
      "version": "1.0.0",
      "license": "ISC",
      "devDependencies": {
        "@cspell/dict-en-gb": "^5.0.12"
      }
    },
    "node_modules/@cspell/dict-en-gb": {
      "version": "5.0.12",
      "resolved": "https://registry.npmjs.org/@cspell/dict-en-gb/-/dict-en-gb-5.0.12.tgz",
      "integrity": "sha512-W9QKhJr1uxa26XXxbtjvugNvwr0QLNK8hTVCJOMj68yyYiWh87mOsvYuvx5ti1I1rEU3iWUHK+o/5KVc7hI5sQ==",
      "dev": true,
      "license": "LGPL-3.0"
    }
  }
}
